
Microsoft Visual Studio Solution File, Format Version 12.00
# Visual Studio Version 16
VisualStudioVersion = 16.0.31911.196
MinimumVisualStudioVersion = 10.0.40219.1
Project("{FAE04EC0-301F-11D3-BF4B-00C04F79EFBC}") = "FlaitBooking", "FlaitBooking\FlaitBooking.csproj", "{66D0E16D-1930-49E8-9684-F9AE11AD09FD}"
EndProject
Global
	GlobalSection(SolutionConfigurationPlatforms) = preSolution
		Debug|Any CPU = Debug|Any CPU
		Release|Any CPU = Release|Any CPU
	EndGlobalSection
	GlobalSection(ProjectConfigurationPlatforms) = postSolution
		{66D0E16D-1930-49E8-9684-F9AE11AD09FD}.Debug|Any CPU.ActiveCfg = Debug|Any CPU
		{66D0E16D-1930-49E8-9684-F9AE11AD09FD}.Debug|Any CPU.Build.0 = Debug|Any CPU
		{66D0E16D-1930-49E8-9684-F9AE11AD09FD}.Release|Any CPU.ActiveCfg = Release|Any CPU
		{66D0E16D-1930-49E8-9684-F9AE11AD09FD}.Release|Any CPU.Build.0 = Release|Any CPU
	EndGlobalSection
	GlobalSection(SolutionProperties) = preSolution
		HideSolutionNode = FALSE
	EndGlobalSection
	GlobalSection(ExtensibilityGlobals) = postSolution
		SolutionGuid = {6C543B7F-4375-46BF-8AC0-98A588936627}
	EndGlobalSection
EndGlobal
